
Microsoft Visual Studio Solution File, Format Version 12.00
# Visual Studio 14
VisualStudioVersion = 14.0.24720.0
MinimumVisualStudioVersion = 10.0.40219.1
Project("{FAE04EC0-301F-11D3-BF4B-00C04F79EFBC}") = "FOOD_APP", "FOOD_APP\FOOD_APP.csproj", "{1FEAA201-CA42-4931-8551-5338961F2D7B}"
EndProject
Project("{54435603-DBB4-11D2-8724-00A0C9A8B90C}") = "SetupAI", "SetupAI\SetupAI.vdproj", "{AF1351BC-C861-496A-BBFD-0E5B0D219500}"
EndProject
Global
	GlobalSection(SolutionConfigurationPlatforms) = preSolution
		Debug|Any CPU = Debug|Any CPU
		Release|Any CPU = Release|Any CPU
	EndGlobalSection
	GlobalSection(ProjectConfigurationPlatforms) = postSolution
		{1FEAA201-CA42-4931-8551-5338961F2D7B}.Debug|Any CPU.ActiveCfg = Debug|Any CPU
		{1FEAA201-CA42-4931-8551-5338961F2D7B}.Debug|Any CPU.Build.0 = Debug|Any CPU
		{1FEAA201-CA42-4931-8551-5338961F2D7B}.Release|Any CPU.ActiveCfg = Release|Any CPU
		{1FEAA201-CA42-4931-8551-5338961F2D7B}.Release|Any CPU.Build.0 = Release|Any CPU
		{AF1351BC-C861-496A-BBFD-0E5B0D219500}.Debug|Any CPU.ActiveCfg = Debug
		{AF1351BC-C861-496A-BBFD-0E5B0D219500}.Release|Any CPU.ActiveCfg = Release
	EndGlobalSection
	GlobalSection(SolutionProperties) = preSolution
		HideSolutionNode = FALSE
	EndGlobalSection
EndGlobal
